
Microsoft Visual Studio Solution File, Format Version 12.00
# Visual Studio Version 17
VisualStudioVersion = 17.10.34607.79
MinimumVisualStudioVersion = 10.0.40219.1
Project("{FAE04EC0-301F-11D3-BF4B-00C04F79EFBC}") = "Ders5_OOP", "Ders5_OOP.csproj", "{5A13CBEA-62B9-4056-89AC-2B589FF16875}"
EndProject
Project("{FAE04EC0-301F-11D3-BF4B-00C04F79EFBC}") = "Ders5_Main", "..\Ders5_Main\Ders5_Main.csproj", "{6D4A9253-3E2F-42A8-ADD1-C980B7504AA8}"
EndProject
Global
	GlobalSection(SolutionConfigurationPlatforms) = preSolution
		Debug|Any CPU = Debug|Any CPU
		Release|Any CPU = Release|Any CPU
	EndGlobalSection
	GlobalSection(ProjectConfigurationPlatforms) = postSolution
		{5A13CBEA-62B9-4056-89AC-2B589FF16875}.Debug|Any CPU.ActiveCfg = Debug|Any CPU
		{5A13CBEA-62B9-4056-89AC-2B589FF16875}.Debug|Any CPU.Build.0 = Debug|Any CPU
		{5A13CBEA-62B9-4056-89AC-2B589FF16875}.Release|Any CPU.ActiveCfg = Release|Any CPU
		{5A13CBEA-62B9-4056-89AC-2B589FF16875}.Release|Any CPU.Build.0 = Release|Any CPU
		{6D4A9253-3E2F-42A8-ADD1-C980B7504AA8}.Debug|Any CPU.ActiveCfg = Debug|Any CPU
		{6D4A9253-3E2F-42A8-ADD1-C980B7504AA8}.Debug|Any CPU.Build.0 = Debug|Any CPU
		{6D4A9253-3E2F-42A8-ADD1-C980B7504AA8}.Release|Any CPU.ActiveCfg = Release|Any CPU
		{6D4A9253-3E2F-42A8-ADD1-C980B7504AA8}.Release|Any CPU.Build.0 = Release|Any CPU
	EndGlobalSection
	GlobalSection(SolutionProperties) = preSolution
		HideSolutionNode = FALSE
	EndGlobalSection
	GlobalSection(ExtensibilityGlobals) = postSolution
		SolutionGuid = {A331D31E-A110-4234-A9C1-A023D0283BD5}
	EndGlobalSection
EndGlobal
